
Microsoft Visual Studio Solution File, Format Version 12.00
# Visual Studio Version 16
VisualStudioVersion = 16.0.29728.190
MinimumVisualStudioVersion = 10.0.40219.1
Project("{2150E333-8FDC-42A3-9474-1A3956D46DE8}") = "kmdf", "kmdf", "{BED96799-3D40-49C5-935D-6E2B9EF2D23E}"
EndProject
Project("{2150E333-8FDC-42A3-9474-1A3956D46DE8}") = "umdf2", "umdf2", "{D6509546-7B7E-4700-ABAF-DB072FDF20DC}"
EndProject
Project("{2150E333-8FDC-42A3-9474-1A3956D46DE8}") = "exe", "exe", "{B3923F1A-99A6-4F25-8CDE-71607DD86D9E}"
EndProject
Project("{8BC9CEB8-8B4A-11D0-8D11-00A0C91BC942}") = "StaticBus", "kmdf\StaticBus\StaticBus.vcxproj", "{8F6CDE96-DF23-46A1-AE86-0122E8313C28}"
EndProject
Project("{8BC9CEB8-8B4A-11D0-8D11-00A0C91BC942}") = "StaticBusDrvPkg", "kmdf\StaticBusDrvPkg\StaticBusDrvPkg.vcxproj", "{0466598C-2EE7-4E80-9713-440169002541}"
EndProject
Project("{2150E333-8FDC-42A3-9474-1A3956D46DE8}") = "Docs", "Docs", "{EEE920C3-F5C1-47EE-9238-E7FA568CB506}"
	ProjectSection(SolutionItems) = preProject
		LICENSE = LICENSE
		README.md = README.md
	EndProjectSection
EndProject
Project("{8BC9CEB8-8B4A-11D0-8D11-00A0C91BC942}") = "IndirectDisplay", "umdf2\IndirectDisplay\IndirectDisplay.vcxproj", "{0CF35468-8A55-4150-B671-7D853DC71801}"
EndProject
Project("{8BC9CEB8-8B4A-11D0-8D11-00A0C91BC942}") = "IndirectDisplayDrvPkg", "umdf2\IndirectDisplayDrvPkg\IndirectDisplayDrvPkg.vcxproj", "{FEA9FC3E-2A4A-43DE-B6A4-1BDD87563E4E}"
EndProject
Project("{8BC9CEB8-8B4A-11D0-8D11-00A0C91BC942}") = "ConsoleDriverApplication", "umdf2\ConsoleDriverApplication\ConsoleDriverApplication.vcxproj", "{D7CC47B0-9B89-4222-8B38-DF06EDD7FE29}"
EndProject
Project("{2150E333-8FDC-42A3-9474-1A3956D46DE8}") = "public_dependencies", "public_dependencies", "{7EDFB548-A78C-4E3F-8ADD-935992B578D7}"
EndProject
Project("{FAE04EC0-301F-11D3-BF4B-00C04F79EFBC}") = "WpfTestingClient", "exe\WpfTestingClient\WpfTestingClient.csproj", "{BDB23C5C-5682-4C98-B546-A6DDFFE8F767}"
EndProject
Project("{8BC9CEB8-8B4A-11D0-8D11-00A0C91BC942}") = "Dispenser", "exe\Dispenser\Dispenser.vcxproj", "{8ADB4E7F-80DF-4EB2-B4A1-7A9C4BE03741}"
	ProjectSection(ProjectDependencies) = postProject
		{BDF2878D-EDE4-4EDD-A5EE-9DE8F115FAF4} = {BDF2878D-EDE4-4EDD-A5EE-9DE8F115FAF4}
	EndProjectSection
EndProject
Project("{2150E333-8FDC-42A3-9474-1A3956D46DE8}") = "PublicHeaders", "PublicHeaders", "{04AD26FE-F518-43E1-99A1-ABBEFEDFD515}"
	ProjectSection(SolutionItems) = preProject
		public_dependencies\PublicHeaders\SharedDefs.h = public_dependencies\PublicHeaders\SharedDefs.h
	EndProjectSection
EndProject
Project("{2150E333-8FDC-42A3-9474-1A3956D46DE8}") = "PublicUtilities", "PublicUtilities", "{9C0C769F-F13B-4C0B-93D3-CBF51D7DE5D8}"
EndProject
Project("{8BC9CEB8-8B4A-11D0-8D11-00A0C91BC942}") = "InterProcessQueue", "public_dependencies\PublicUtilities\InterProcessQueue\InterProcessQueue.vcxproj", "{BDF2878D-EDE4-4EDD-A5EE-9DE8F115FAF4}"
EndProject
Project("{8BC9CEB8-8B4A-11D0-8D11-00A0C91BC942}") = "HelperFunction", "public_dependencies\PublicUtilities\HelperFunction\HelperFunction.vcxproj", "{9990067A-3BA3-4F11-9CFC-17C63CFB0897}"
EndProject
Global
	GlobalSection(SolutionConfigurationPlatforms) = preSolution
		Debug|Any CPU = Debug|Any CPU
		Debug|ARM = Debug|ARM
		Debug|ARM64 = Debug|ARM64
		Debug|x64 = Debug|x64
		Debug|x86 = Debug|x86
		Release|Any CPU = Release|Any CPU
		Release|ARM = Release|ARM
		Release|ARM64 = Release|ARM64
		Release|x64 = Release|x64
		Release|x86 = Release|x86
	EndGlobalSection
	GlobalSection(ProjectConfigurationPlatforms) = postSolution
		{8F6CDE96-DF23-46A1-AE86-0122E8313C28}.Debug|Any CPU.ActiveCfg = Debug|Win32
		{8F6CDE96-DF23-46A1-AE86-0122E8313C28}.Debug|ARM.ActiveCfg = Debug|ARM
		{8F6CDE96-DF23-46A1-AE86-0122E8313C28}.Debug|ARM.Build.0 = Debug|ARM
		{8F6CDE96-DF23-46A1-AE86-0122E8313C28}.Debug|ARM.Deploy.0 = Debug|ARM
		{8F6CDE96-DF23-46A1-AE86-0122E8313C28}.Debug|ARM64.ActiveCfg = Debug|ARM64
		{8F6CDE96-DF23-46A1-AE86-0122E8313C28}.Debug|ARM64.Build.0 = Debug|ARM64
		{8F6CDE96-DF23-46A1-AE86-0122E8313C28}.Debug|ARM64.Deploy.0 = Debug|ARM64
		{8F6CDE96-DF23-46A1-AE86-0122E8313C28}.Debug|x64.ActiveCfg = Debug|x64
		{8F6CDE96-DF23-46A1-AE86-0122E8313C28}.Debug|x64.Build.0 = Debug|x64
		{8F6CDE96-DF23-46A1-AE86-0122E8313C28}.Debug|x64.Deploy.0 = Debug|x64
		{8F6CDE96-DF23-46A1-AE86-0122E8313C28}.Debug|x86.ActiveCfg = Debug|Win32
		{8F6CDE96-DF23-46A1-AE86-0122E8313C28}.Debug|x86.Build.0 = Debug|Win32
		{8F6CDE96-DF23-46A1-AE86-0122E8313C28}.Debug|x86.Deploy.0 = Debug|Win32
		{8F6CDE96-DF23-46A1-AE86-0122E8313C28}.Release|Any CPU.ActiveCfg = Release|Win32
		{8F6CDE96-DF23-46A1-AE86-0122E8313C28}.Release|ARM.ActiveCfg = Release|ARM
		{8F6CDE96-DF23-46A1-AE86-0122E8313C28}.Release|ARM.Build.0 = Release|ARM
		{8F6CDE96-DF23-46A1-AE86-0122E8313C28}.Release|ARM.Deploy.0 = Release|ARM
		{8F6CDE96-DF23-46A1-AE86-0122E8313C28}.Release|ARM64.ActiveCfg = Release|ARM64
		{8F6CDE96-DF23-46A1-AE86-0122E8313C28}.Release|ARM64.Build.0 = Release|ARM64
		{8F6CDE96-DF23-46A1-AE86-0122E8313C28}.Release|ARM64.Deploy.0 = Release|ARM64
		{8F6CDE96-DF23-46A1-AE86-0122E8313C28}.Release|x64.ActiveCfg = Release|x64
		{8F6CDE96-DF23-46A1-AE86-0122E8313C28}.Release|x64.Build.0 = Release|x64
		{8F6CDE96-DF23-46A1-AE86-0122E8313C28}.Release|x64.Deploy.0 = Release|x64
		{8F6CDE96-DF23-46A1-AE86-0122E8313C28}.Release|x86.ActiveCfg = Release|Win32
		{8F6CDE96-DF23-46A1-AE86-0122E8313C28}.Release|x86.Build.0 = Release|Win32
		{8F6CDE96-DF23-46A1-AE86-0122E8313C28}.Release|x86.Deploy.0 = Release|Win32
		{0466598C-2EE7-4E80-9713-440169002541}.Debug|Any CPU.ActiveCfg = Debug|Win32
		{0466598C-2EE7-4E80-9713-440169002541}.Debug|ARM.ActiveCfg = Debug|ARM
		{0466598C-2EE7-4E80-9713-440169002541}.Debug|ARM.Build.0 = Debug|ARM
		{0466598C-2EE7-4E80-9713-440169002541}.Debug|ARM.Deploy.0 = Debug|ARM
		{0466598C-2EE7-4E80-9713-440169002541}.Debug|ARM64.ActiveCfg = Debug|ARM64
		{0466598C-2EE7-4E80-9713-440169002541}.Debug|ARM64.Build.0 = Debug|ARM64
		{0466598C-2EE7-4E80-9713-440169002541}.Debug|ARM64.Deploy.0 = Debug|ARM64
		{0466598C-2EE7-4E80-9713-440169002541}.Debug|x64.ActiveCfg = Debug|x64
		{0466598C-2EE7-4E80-9713-440169002541}.Debug|x64.Build.0 = Debug|x64
		{0466598C-2EE7-4E80-9713-440169002541}.Debug|x64.Deploy.0 = Debug|x64
		{0466598C-2EE7-4E80-9713-440169002541}.Debug|x86.ActiveCfg = Debug|Win32
		{0466598C-2EE7-4E80-9713-440169002541}.Debug|x86.Build.0 = Debug|Win32
		{0466598C-2EE7-4E80-9713-440169002541}.Debug|x86.Deploy.0 = Debug|Win32
		{0466598C-2EE7-4E80-9713-440169002541}.Release|Any CPU.ActiveCfg = Release|Win32
		{0466598C-2EE7-4E80-9713-440169002541}.Release|ARM.ActiveCfg = Release|ARM
		{0466598C-2EE7-4E80-9713-440169002541}.Release|ARM.Build.0 = Release|ARM
		{0466598C-2EE7-4E80-9713-440169002541}.Release|ARM.Deploy.0 = Release|ARM
		{0466598C-2EE7-4E80-9713-440169002541}.Release|ARM64.ActiveCfg = Release|ARM64
		{0466598C-2EE7-4E80-9713-440169002541}.Release|ARM64.Build.0 = Release|ARM64
		{0466598C-2EE7-4E80-9713-440169002541}.Release|ARM64.Deploy.0 = Release|ARM64
		{0466598C-2EE7-4E80-9713-440169002541}.Release|x64.ActiveCfg = Release|x64
		{0466598C-2EE7-4E80-9713-440169002541}.Release|x64.Build.0 = Release|x64
		{0466598C-2EE7-4E80-9713-440169002541}.Release|x64.Deploy.0 = Release|x64
		{0466598C-2EE7-4E80-9713-440169002541}.Release|x86.ActiveCfg = Release|Win32
		{0466598C-2EE7-4E80-9713-440169002541}.Release|x86.Build.0 = Release|Win32
		{0466598C-2EE7-4E80-9713-440169002541}.Release|x86.Deploy.0 = Release|Win32
		{0CF35468-8A55-4150-B671-7D853DC71801}.Debug|Any CPU.ActiveCfg = Debug|Win32
		{0CF35468-8A55-4150-B671-7D853DC71801}.Debug|ARM.ActiveCfg = Debug|ARM
		{0CF35468-8A55-4150-B671-7D853DC71801}.Debug|ARM.Build.0 = Debug|ARM
		{0CF35468-8A55-4150-B671-7D853DC71801}.Debug|ARM.Deploy.0 = Debug|ARM
		{0CF35468-8A55-4150-B671-7D853DC71801}.Debug|ARM64.ActiveCfg = Debug|ARM64
		{0CF35468-8A55-4150-B671-7D853DC71801}.Debug|ARM64.Build.0 = Debug|ARM64
		{0CF35468-8A55-4150-B671-7D853DC71801}.Debug|ARM64.Deploy.0 = Debug|ARM64
		{0CF35468-8A55-4150-B671-7D853DC71801}.Debug|x64.ActiveCfg = Debug|x64
		{0CF35468-8A55-4150-B671-7D853DC71801}.Debug|x64.Build.0 = Debug|x64
		{0CF35468-8A55-4150-B671-7D853DC71801}.Debug|x64.Deploy.0 = Debug|x64
		{0CF35468-8A55-4150-B671-7D853DC71801}.Debug|x86.ActiveCfg = Debug|Win32
		{0CF35468-8A55-4150-B671-7D853DC71801}.Debug|x86.Build.0 = Debug|Win32
		{0CF35468-8A55-4150-B671-7D853DC71801}.Debug|x86.Deploy.0 = Debug|Win32
		{0CF35468-8A55-4150-B671-7D853DC71801}.Release|Any CPU.ActiveCfg = Release|Win32
		{0CF35468-8A55-4150-B671-7D853DC71801}.Release|ARM.ActiveCfg = Release|ARM
		{0CF35468-8A55-4150-B671-7D853DC71801}.Release|ARM.Build.0 = Release|ARM
		{0CF35468-8A55-4150-B671-7D853DC71801}.Release|ARM.Deploy.0 = Release|ARM
		{0CF35468-8A55-4150-B671-7D853DC71801}.Release|ARM64.ActiveCfg = Release|ARM64
		{0CF35468-8A55-4150-B671-7D853DC71801}.Release|ARM64.Build.0 = Release|ARM64
		{0CF35468-8A55-4150-B671-7D853DC71801}.Release|ARM64.Deploy.0 = Release|ARM64
		{0CF35468-8A55-4150-B671-7D853DC71801}.Release|x64.ActiveCfg = Release|x64
		{0CF35468-8A55-4150-B671-7D853DC71801}.Release|x64.Build.0 = Release|x64
		{0CF35468-8A55-4150-B671-7D853DC71801}.Release|x64.Deploy.0 = Release|x64
		{0CF35468-8A55-4150-B671-7D853DC71801}.Release|x86.ActiveCfg = Release|Win32
		{0CF35468-8A55-4150-B671-7D853DC71801}.Release|x86.Build.0 = Release|Win32
		{0CF35468-8A55-4150-B671-7D853DC71801}.Release|x86.Deploy.0 = Release|Win32
		{FEA9FC3E-2A4A-43DE-B6A4-1BDD87563E4E}.Debug|Any CPU.ActiveCfg = Debug|Win32
		{FEA9FC3E-2A4A-43DE-B6A4-1BDD87563E4E}.Debug|ARM.ActiveCfg = Debug|ARM
		{FEA9FC3E-2A4A-43DE-B6A4-1BDD87563E4E}.Debug|ARM.Build.0 = Debug|ARM
		{FEA9FC3E-2A4A-43DE-B6A4-1BDD87563E4E}.Debug|ARM.Deploy.0 = Debug|ARM
		{FEA9FC3E-2A4A-43DE-B6A4-1BDD87563E4E}.Debug|ARM64.ActiveCfg = Debug|ARM64
		{FEA9FC3E-2A4A-43DE-B6A4-1BDD87563E4E}.Debug|ARM64.Build.0 = Debug|ARM64
		{FEA9FC3E-2A4A-43DE-B6A4-1BDD87563E4E}.Debug|ARM64.Deploy.0 = Debug|ARM64
		{FEA9FC3E-2A4A-43DE-B6A4-1BDD87563E4E}.Debug|x64.ActiveCfg = Debug|x64
		{FEA9FC3E-2A4A-43DE-B6A4-1BDD87563E4E}.Debug|x64.Build.0 = Debug|x64
		{FEA9FC3E-2A4A-43DE-B6A4-1BDD87563E4E}.Debug|x64.Deploy.0 = Debug|x64
		{FEA9FC3E-2A4A-43DE-B6A4-1BDD87563E4E}.Debug|x86.ActiveCfg = Debug|Win32
		{FEA9FC3E-2A4A-43DE-B6A4-1BDD87563E4E}.Debug|x86.Build.0 = Debug|Win32
		{FEA9FC3E-2A4A-43DE-B6A4-1BDD87563E4E}.Debug|x86.Deploy.0 = Debug|Win32
		{FEA9FC3E-2A4A-43DE-B6A4-1BDD87563E4E}.Release|Any CPU.ActiveCfg = Release|Win32
		{FEA9FC3E-2A4A-43DE-B6A4-1BDD87563E4E}.Release|ARM.ActiveCfg = Release|ARM
		{FEA9FC3E-2A4A-43DE-B6A4-1BDD87563E4E}.Release|ARM.Build.0 = Release|ARM
		{FEA9FC3E-2A4A-43DE-B6A4-1BDD87563E4E}.Release|ARM.Deploy.0 = Release|ARM
		{FEA9FC3E-2A4A-43DE-B6A4-1BDD87563E4E}.Release|ARM64.ActiveCfg = Release|ARM64
		{FEA9FC3E-2A4A-43DE-B6A4-1BDD87563E4E}.Release|ARM64.Build.0 = Release|ARM64
		{FEA9FC3E-2A4A-43DE-B6A4-1BDD87563E4E}.Release|ARM64.Deploy.0 = Release|ARM64
		{FEA9FC3E-2A4A-43DE-B6A4-1BDD87563E4E}.Release|x64.ActiveCfg = Release|x64
		{FEA9FC3E-2A4A-43DE-B6A4-1BDD87563E4E}.Release|x64.Build.0 = Release|x64
		{FEA9FC3E-2A4A-43DE-B6A4-1BDD87563E4E}.Release|x64.Deploy.0 = Release|x64
		{FEA9FC3E-2A4A-43DE-B6A4-1BDD87563E4E}.Release|x86.ActiveCfg = Release|Win32
		{FEA9FC3E-2A4A-43DE-B6A4-1BDD87563E4E}.Release|x86.Build.0 = Release|Win32
		{FEA9FC3E-2A4A-43DE-B6A4-1BDD87563E4E}.Release|x86.Deploy.0 = Release|Win32
		{D7CC47B0-9B89-4222-8B38-DF06EDD7FE29}.Debug|Any CPU.ActiveCfg = Debug|Win32
		{D7CC47B0-9B89-4222-8B38-DF06EDD7FE29}.Debug|ARM.ActiveCfg = Debug|ARM
		{D7CC47B0-9B89-4222-8B38-DF06EDD7FE29}.Debug|ARM.Build.0 = Debug|ARM
		{D7CC47B0-9B89-4222-8B38-DF06EDD7FE29}.Debug|ARM64.ActiveCfg = Debug|ARM64
		{D7CC47B0-9B89-4222-8B38-DF06EDD7FE29}.Debug|ARM64.Build.0 = Debug|ARM64
		{D7CC47B0-9B89-4222-8B38-DF06EDD7FE29}.Debug|x64.ActiveCfg = Debug|x64
		{D7CC47B0-9B89-4222-8B38-DF06EDD7FE29}.Debug|x64.Build.0 = Debug|x64
		{D7CC47B0-9B89-4222-8B38-DF06EDD7FE29}.Debug|x86.ActiveCfg = Debug|Win32
		{D7CC47B0-9B89-4222-8B38-DF06EDD7FE29}.Debug|x86.Build.0 = Debug|Win32
		{D7CC47B0-9B89-4222-8B38-DF06EDD7FE29}.Release|Any CPU.ActiveCfg = Release|Win32
		{D7CC47B0-9B89-4222-8B38-DF06EDD7FE29}.Release|ARM.ActiveCfg = Release|ARM
		{D7CC47B0-9B89-4222-8B38-DF06EDD7FE29}.Release|ARM.Build.0 = Release|ARM
		{D7CC47B0-9B89-4222-8B38-DF06EDD7FE29}.Release|ARM64.ActiveCfg = Release|ARM64
		{D7CC47B0-9B89-4222-8B38-DF06EDD7FE29}.Release|ARM64.Build.0 = Release|ARM64
		{D7CC47B0-9B89-4222-8B38-DF06EDD7FE29}.Release|x64.ActiveCfg = Release|x64
		{D7CC47B0-9B89-4222-8B38-DF06EDD7FE29}.Release|x64.Build.0 = Release|x64
		{D7CC47B0-9B89-4222-8B38-DF06EDD7FE29}.Release|x86.ActiveCfg = Release|Win32
		{D7CC47B0-9B89-4222-8B38-DF06EDD7FE29}.Release|x86.Build.0 = Release|Win32
		{BDB23C5C-5682-4C98-B546-A6DDFFE8F767}.Debug|Any CPU.ActiveCfg = Debug|Any CPU
		{BDB23C5C-5682-4C98-B546-A6DDFFE8F767}.Debug|Any CPU.Build.0 = Debug|Any CPU
		{BDB23C5C-5682-4C98-B546-A6DDFFE8F767}.Debug|ARM.ActiveCfg = Debug|Any CPU
		{BDB23C5C-5682-4C98-B546-A6DDFFE8F767}.Debug|ARM.Build.0 = Debug|Any CPU
		{BDB23C5C-5682-4C98-B546-A6DDFFE8F767}.Debug|ARM64.ActiveCfg = Debug|Any CPU
		{BDB23C5C-5682-4C98-B546-A6DDFFE8F767}.Debug|ARM64.Build.0 = Debug|Any CPU
		{BDB23C5C-5682-4C98-B546-A6DDFFE8F767}.Debug|x64.ActiveCfg = Debug|Any CPU
		{BDB23C5C-5682-4C98-B546-A6DDFFE8F767}.Debug|x64.Build.0 = Debug|Any CPU
		{BDB23C5C-5682-4C98-B546-A6DDFFE8F767}.Debug|x86.ActiveCfg = Debug|Any CPU
		{BDB23C5C-5682-4C98-B546-A6DDFFE8F767}.Debug|x86.Build.0 = Debug|Any CPU
		{BDB23C5C-5682-4C98-B546-A6DDFFE8F767}.Release|Any CPU.ActiveCfg = Release|Any CPU
		{BDB23C5C-5682-4C98-B546-A6DDFFE8F767}.Release|Any CPU.Build.0 = Release|Any CPU
		{BDB23C5C-5682-4C98-B546-A6DDFFE8F767}.Release|ARM.ActiveCfg = Release|Any CPU
		{BDB23C5C-5682-4C98-B546-A6DDFFE8F767}.Release|ARM.Build.0 = Release|Any CPU
		{BDB23C5C-5682-4C98-B546-A6DDFFE8F767}.Release|ARM64.ActiveCfg = Release|Any CPU
		{BDB23C5C-5682-4C98-B546-A6DDFFE8F767}.Release|ARM64.Build.0 = Release|Any CPU
		{BDB23C5C-5682-4C98-B546-A6DDFFE8F767}.Release|x64.ActiveCfg = Release|Any CPU
		{BDB23C5C-5682-4C98-B546-A6DDFFE8F767}.Release|x64.Build.0 = Release|Any CPU
		{BDB23C5C-5682-4C98-B546-A6DDFFE8F767}.Release|x86.ActiveCfg = Release|Any CPU
		{BDB23C5C-5682-4C98-B546-A6DDFFE8F767}.Release|x86.Build.0 = Release|Any CPU
		{8ADB4E7F-80DF-4EB2-B4A1-7A9C4BE03741}.Debug|Any CPU.ActiveCfg = Debug|Win32
		{8ADB4E7F-80DF-4EB2-B4A1-7A9C4BE03741}.Debug|ARM.ActiveCfg = Debug|Win32
		{8ADB4E7F-80DF-4EB2-B4A1-7A9C4BE03741}.Debug|ARM64.ActiveCfg = Debug|Win32
		{8ADB4E7F-80DF-4EB2-B4A1-7A9C4BE03741}.Debug|x64.ActiveCfg = Debug|x64
		{8ADB4E7F-80DF-4EB2-B4A1-7A9C4BE03741}.Debug|x64.Build.0 = Debug|x64
		{8ADB4E7F-80DF-4EB2-B4A1-7A9C4BE03741}.Debug|x86.ActiveCfg = Debug|Win32
		{8ADB4E7F-80DF-4EB2-B4A1-7A9C4BE03741}.Debug|x86.Build.0 = Debug|Win32
		{8ADB4E7F-80DF-4EB2-B4A1-7A9C4BE03741}.Release|Any CPU.ActiveCfg = Release|Win32
		{8ADB4E7F-80DF-4EB2-B4A1-7A9C4BE03741}.Release|ARM.ActiveCfg = Release|Win32
		{8ADB4E7F-80DF-4EB2-B4A1-7A9C4BE03741}.Release|ARM64.ActiveCfg = Release|Win32
		{8ADB4E7F-80DF-4EB2-B4A1-7A9C4BE03741}.Release|x64.ActiveCfg = Release|x64
		{8ADB4E7F-80DF-4EB2-B4A1-7A9C4BE03741}.Release|x64.Build.0 = Release|x64
		{8ADB4E7F-80DF-4EB2-B4A1-7A9C4BE03741}.Release|x86.ActiveCfg = Release|Win32
		{8ADB4E7F-80DF-4EB2-B4A1-7A9C4BE03741}.Release|x86.Build.0 = Release|Win32
		{BDF2878D-EDE4-4EDD-A5EE-9DE8F115FAF4}.Debug|Any CPU.ActiveCfg = Debug|Win32
		{BDF2878D-EDE4-4EDD-A5EE-9DE8F115FAF4}.Debug|ARM.ActiveCfg = Debug|Win32
		{BDF2878D-EDE4-4EDD-A5EE-9DE8F115FAF4}.Debug|ARM64.ActiveCfg = Debug|Win32
		{BDF2878D-EDE4-4EDD-A5EE-9DE8F115FAF4}.Debug|x64.ActiveCfg = Debug|x64
		{BDF2878D-EDE4-4EDD-A5EE-9DE8F115FAF4}.Debug|x64.Build.0 = Debug|x64
		{BDF2878D-EDE4-4EDD-A5EE-9DE8F115FAF4}.Debug|x86.ActiveCfg = Debug|Win32
		{BDF2878D-EDE4-4EDD-A5EE-9DE8F115FAF4}.Debug|x86.Build.0 = Debug|Win32
		{BDF2878D-EDE4-4EDD-A5EE-9DE8F115FAF4}.Release|Any CPU.ActiveCfg = Release|Win32
		{BDF2878D-EDE4-4EDD-A5EE-9DE8F115FAF4}.Release|ARM.ActiveCfg = Release|Win32
		{BDF2878D-EDE4-4EDD-A5EE-9DE8F115FAF4}.Release|ARM64.ActiveCfg = Release|Win32
		{BDF2878D-EDE4-4EDD-A5EE-9DE8F115FAF4}.Release|x64.ActiveCfg = Release|x64
		{BDF2878D-EDE4-4EDD-A5EE-9DE8F115FAF4}.Release|x64.Build.0 = Release|x64
		{BDF2878D-EDE4-4EDD-A5EE-9DE8F115FAF4}.Release|x86.ActiveCfg = Release|Win32
		{BDF2878D-EDE4-4EDD-A5EE-9DE8F115FAF4}.Release|x86.Build.0 = Release|Win32
		{9990067A-3BA3-4F11-9CFC-17C63CFB0897}.Debug|Any CPU.ActiveCfg = Debug|Win32
		{9990067A-3BA3-4F11-9CFC-17C63CFB0897}.Debug|ARM.ActiveCfg = Debug|Win32
		{9990067A-3BA3-4F11-9CFC-17C63CFB0897}.Debug|ARM64.ActiveCfg = Debug|Win32
		{9990067A-3BA3-4F11-9CFC-17C63CFB0897}.Debug|x64.ActiveCfg = Debug|x64
		{9990067A-3BA3-4F11-9CFC-17C63CFB0897}.Debug|x64.Build.0 = Debug|x64
		{9990067A-3BA3-4F11-9CFC-17C63CFB0897}.Debug|x86.ActiveCfg = Debug|Win32
		{9990067A-3BA3-4F11-9CFC-17C63CFB0897}.Debug|x86.Build.0 = Debug|Win32
		{9990067A-3BA3-4F11-9CFC-17C63CFB0897}.Release|Any CPU.ActiveCfg = Release|Win32
		{9990067A-3BA3-4F11-9CFC-17C63CFB0897}.Release|ARM.ActiveCfg = Release|Win32
		{9990067A-3BA3-4F11-9CFC-17C63CFB0897}.Release|ARM64.ActiveCfg = Release|Win32
		{9990067A-3BA3-4F11-9CFC-17C63CFB0897}.Release|x64.ActiveCfg = Release|x64
		{9990067A-3BA3-4F11-9CFC-17C63CFB0897}.Release|x64.Build.0 = Release|x64
		{9990067A-3BA3-4F11-9CFC-17C63CFB0897}.Release|x86.ActiveCfg = Release|Win32
		{9990067A-3BA3-4F11-9CFC-17C63CFB0897}.Release|x86.Build.0 = Release|Win32
	EndGlobalSection
	GlobalSection(SolutionProperties) = preSolution
		HideSolutionNode = FALSE
	EndGlobalSection
	GlobalSection(NestedProjects) = preSolution
		{8F6CDE96-DF23-46A1-AE86-0122E8313C28} = {BED96799-3D40-49C5-935D-6E2B9EF2D23E}
		{0466598C-2EE7-4E80-9713-440169002541} = {BED96799-3D40-49C5-935D-6E2B9EF2D23E}
		{0CF35468-8A55-4150-B671-7D853DC71801} = {D6509546-7B7E-4700-ABAF-DB072FDF20DC}
		{FEA9FC3E-2A4A-43DE-B6A4-1BDD87563E4E} = {D6509546-7B7E-4700-ABAF-DB072FDF20DC}
		{D7CC47B0-9B89-4222-8B38-DF06EDD7FE29} = {D6509546-7B7E-4700-ABAF-DB072FDF20DC}
		{BDB23C5C-5682-4C98-B546-A6DDFFE8F767} = {B3923F1A-99A6-4F25-8CDE-71607DD86D9E}
		{8ADB4E7F-80DF-4EB2-B4A1-7A9C4BE03741} = {B3923F1A-99A6-4F25-8CDE-71607DD86D9E}
		{04AD26FE-F518-43E1-99A1-ABBEFEDFD515} = {7EDFB548-A78C-4E3F-8ADD-935992B578D7}
		{9C0C769F-F13B-4C0B-93D3-CBF51D7DE5D8} = {7EDFB548-A78C-4E3F-8ADD-935992B578D7}
		{BDF2878D-EDE4-4EDD-A5EE-9DE8F115FAF4} = {9C0C769F-F13B-4C0B-93D3-CBF51D7DE5D8}
		{9990067A-3BA3-4F11-9CFC-17C63CFB0897} = {9C0C769F-F13B-4C0B-93D3-CBF51D7DE5D8}
	EndGlobalSection
	GlobalSection(ExtensibilityGlobals) = postSolution
		SolutionGuid = {2D57F0E3-C260-4E4F-A0A9-FB080D1F10EB}
	EndGlobalSection
EndGlobal
